{
  "name": "github-status-check2",
  "version": "1.0.0",
  "lockfileVersion": 1,
  "requires": true,
  "dependencies": {
    "asn1": {
      "version": "0.1.11",
      "resolved": "https://registry.npmjs.org/asn1/-/asn1-0.1.11.tgz",
      "integrity": "sha512-Fh9zh3G2mZ8qM/kwsiKwL2U2FmXxVsboP4x1mXjnhKHv3SmzaBZoYvxEQJz/YS2gnCgd8xlAVWcZnQyC9qZBsA==",
      "optional": true
    },
    "assert-plus": {
      "version": "0.1.5",
      "resolved": "https://registry.npmjs.org/assert-plus/-/assert-plus-0.1.5.tgz",
      "integrity": "sha512-brU24g7ryhRwGCI2y+1dGQmQXiZF7TtIj583S96y0jjdajIe6wn8BuXyELYhvD22dtIxDQVFk04YTJwwdwOYJw==",
      "optional": true
    },
    "async": {
      "version": "0.9.2",
      "resolved": "https://registry.npmjs.org/async/-/async-0.9.2.tgz",
      "integrity": "sha512-l6ToIJIotphWahxxHyzK9bnLR6kM4jJIIgLShZeqLY7iboHoGkdgFl7W2/Ivi4SkMJYGKqW8vSuk0uKUj6qsSw==",
      "optional": true
    },
    "aws-sign2": {
      "version": "0.5.0",
      "resolved": "https://registry.npmjs.org/aws-sign2/-/aws-sign2-0.5.0.tgz",
      "integrity": "sha512-oqUX0DM5j7aPWPCnpWebiyNIj2wiNI87ZxnOMoGv0aE4TGlBy2N+5iWc6dQ/NOKZaBD2W6PVz8jtOGkWzSC5EA==",
      "optional": true
    },
    "axios": {
      "version": "0.18.1",
      "resolved": "https://registry.npmjs.org/axios/-/axios-0.18.1.tgz",
      "integrity": "sha512-0BfJq4NSfQXd+SkFdrvFbG7addhYSBA2mQwISr46pD6E5iqkWg02RAs8vyTT/j0RTnoYmeXauBuSv1qKwR179g==",
      "requires": {
        "follow-redirects": "1.5.10",
        "is-buffer": "^2.0.2"
      },
      "dependencies": {
        "debug": {
          "version": "3.1.0",
          "resolved": "https://registry.npmjs.org/debug/-/debug-3.1.0.tgz",
          "integrity": "sha512-OX8XqP7/1a9cqkxYw2yXss15f26NKWBpDXQd0/uK/KPqdQhxbPa994hnzjcE2VqQpDslf55723cKPUOGSmMY3g==",
          "requires": {
            "ms": "2.0.0"
          }
        },
        "follow-redirects": {
          "version": "1.5.10",
          "resolved": "https://registry.npmjs.org/follow-redirects/-/follow-redirects-1.5.10.tgz",
          "integrity": "sha512-0V5l4Cizzvqt5D44aTXbFZz+FtyXV1vrDN6qrelxtfYQKW0KO0W2T/hkE8xvGa/540LkZlkaUjO4ailYTFtHVQ==",
          "requires": {
            "debug": "=3.1.0"
          }
        },
        "is-buffer": {
          "version": "2.0.5",
          "resolved": "https://registry.npmjs.org/is-buffer/-/is-buffer-2.0.5.tgz",
          "integrity": "sha512-i2R6zNFDwgEHJyQUtJEk0XFi1i0dPFn/oqjK3/vPCcDeJvW5NQ83V8QbicfF1SupOaB0h8ntgBC2YiE7dfyctQ=="
        }
      }
    },
    "boom": {
      "version": "0.4.2",
      "resolved": "https://registry.npmjs.org/boom/-/boom-0.4.2.tgz",
      "integrity": "sha512-OvfN8y1oAxxphzkl2SnCS+ztV/uVKTATtgLjWYg/7KwcNyf3rzpHxNQJZCKtsZd4+MteKczhWbSjtEX4bGgU9g==",
      "requires": {
        "hoek": "0.9.x"
      }
    },
    "combined-stream": {
      "version": "0.0.7",
      "resolved": "https://registry.npmjs.org/combined-stream/-/combined-stream-0.0.7.tgz",
      "integrity": "sha512-qfexlmLp9MyrkajQVyjEDb0Vj+KhRgR/rxLiVhaihlT+ZkX0lReqtH6Ack40CvMDERR4b5eFp3CreskpBs1Pig==",
      "optional": true,
      "requires": {
        "delayed-stream": "0.0.5"
      }
    },
    "cryptiles": {
      "version": "0.2.2",
      "resolved": "https://registry.npmjs.org/cryptiles/-/cryptiles-0.2.2.tgz",
      "integrity": "sha512-gvWSbgqP+569DdslUiCelxIv3IYK5Lgmq1UrRnk+s1WxQOQ16j3GPDcjdtgL5Au65DU/xQi6q3xPtf5Kta+3IQ==",
      "requires": {
        "boom": "0.4.x"
      }
    },
    "ctype": {
      "version": "0.5.3",
      "resolved": "https://registry.npmjs.org/ctype/-/ctype-0.5.3.tgz",
      "integrity": "sha512-T6CEkoSV4q50zW3TlTHMbzy1E5+zlnNcY+yb7tWVYlTwPhx9LpnfAkd4wecpWknDyptp4k97LUZeInlf6jdzBg==",
      "optional": true
    },
    "delayed-stream": {
      "version": "0.0.5",
      "resolved": "https://registry.npmjs.org/delayed-stream/-/delayed-stream-0.0.5.tgz",
      "integrity": "sha512-v+7uBd1pqe5YtgPacIIbZ8HuHeLFVNe4mUEyFDXL6KiqzEykjbw+5mXZXpGFgNVasdL4jWKgaKIXrEHiynN1LA==",
      "optional": true
    },
    "forever-agent": {
      "version": "0.5.2",
      "resolved": "https://registry.npmjs.org/forever-agent/-/forever-agent-0.5.2.tgz",
      "integrity": "sha512-PDG5Ef0Dob/JsZUxUltJOhm/Y9mlteAE+46y3M9RBz/Rd3QVENJ75aGRhN56yekTUboaBIkd8KVWX2NjF6+91A=="
    },
    "form-data": {
      "version": "0.1.4",
      "resolved": "https://registry.npmjs.org/form-data/-/form-data-0.1.4.tgz",
      "integrity": "sha512-x8eE+nzFtAMA0YYlSxf/Qhq6vP1f8wSoZ7Aw1GuctBcmudCNuTUmmx45TfEplyb6cjsZO/jvh6+1VpZn24ez+w==",
      "optional": true,
      "requires": {
        "async": "~0.9.0",
        "combined-stream": "~0.0.4",
        "mime": "~1.2.11"
      }
    },
    "got": {
      "version": "1.2.2",
      "resolved": "https://registry.npmjs.org/got/-/got-1.2.2.tgz",
      "integrity": "sha512-xrS9ZF6L3KCEonUoee6R++sYogHXf1uKWrsVziQowGJ4QMYkvUDhr+o1xgnhF2IaYQnvngGk/CNPsM+zuZwzTg==",
      "requires": {
        "object-assign": "^1.0.0"
      }
    },
    "hawk": {
      "version": "1.0.0",
      "resolved": "https://registry.npmjs.org/hawk/-/hawk-1.0.0.tgz",
      "integrity": "sha512-Sg+VzrI7TjUomO0rjD6UXawsj50ykn5sB/xKNW/IenxzRVyw/wt9A2FLzYpGL/r0QG5hyXY8nLx/2m8UutoDcg==",
      "requires": {
        "boom": "0.4.x",
        "cryptiles": "0.2.x",
        "hoek": "0.9.x",
        "sntp": "0.2.x"
      }
    },
    "hoek": {
      "version": "0.9.1",
      "resolved": "https://registry.npmjs.org/hoek/-/hoek-0.9.1.tgz",
      "integrity": "sha512-ZZ6eGyzGjyMTmpSPYVECXy9uNfqBR7x5CavhUaLOeD6W0vWK1mp/b7O3f86XE0Mtfo9rZ6Bh3fnuw9Xr8MF9zA=="
    },
    "http-signature": {
      "version": "0.10.1",
      "resolved": "https://registry.npmjs.org/http-signature/-/http-signature-0.10.1.tgz",
      "integrity": "sha512-coK8uR5rq2IMj+Hen+sKPA5ldgbCc1/spPdKCL1Fw6h+D0s/2LzMcRK0Cqufs1h0ryx/niwBHGFu8HC3hwU+lA==",
      "optional": true,
      "requires": {
        "asn1": "0.1.11",
        "assert-plus": "^0.1.5",
        "ctype": "0.5.3"
      }
    },
    "json-stringify-safe": {
      "version": "5.0.1",
      "resolved": "https://registry.npmjs.org/json-stringify-safe/-/json-stringify-safe-5.0.1.tgz",
      "integrity": "sha512-ZClg6AaYvamvYEE82d3Iyd3vSSIjQ+odgjaTzRuO3s7toCdFKczob2i0zCh7JE8kWn17yvAWhUVxvqGwUalsRA=="
    },
    "mime": {
      "version": "1.2.11",
      "resolved": "https://registry.npmjs.org/mime/-/mime-1.2.11.tgz",
      "integrity": "sha512-Ysa2F/nqTNGHhhm9MV8ure4+Hc+Y8AWiqUdHxsO7xu8zc92ND9f3kpALHjaP026Ft17UfxrMt95c50PLUeynBw=="
    },
    "ms": {
      "version": "2.0.0",
      "resolved": "https://registry.npmjs.org/ms/-/ms-2.0.0.tgz",
      "integrity": "sha512-Tpp60P6IUJDTuOq/5Z8cdskzJujfwqfOTkrwIwj7IRISpnkJnT6SyJ4PCPnGMoFjC9ddhal5KVIYtAt97ix05A=="
    },
    "node-uuid": {
      "version": "1.4.8",
      "resolved": "https://registry.npmjs.org/node-uuid/-/node-uuid-1.4.8.tgz",
      "integrity": "sha512-TkCET/3rr9mUuRp+CpO7qfgT++aAxfDRaalQhwPFzI9BY/2rCDn6OfpZOVggi1AXfTPpfkTrg5f5WQx5G1uLxA=="
    },
    "oauth-sign": {
      "version": "0.3.0",
      "resolved": "https://registry.npmjs.org/oauth-sign/-/oauth-sign-0.3.0.tgz",
      "integrity": "sha512-Tr31Sh5FnK9YKm7xTUPyDMsNOvMqkVDND0zvK/Wgj7/H9q8mpye0qG2nVzrnsvLhcsX5DtqXD0la0ks6rkPCGQ==",
      "optional": true
    },
    "object-assign": {
      "version": "1.0.0",
      "resolved": "https://registry.npmjs.org/object-assign/-/object-assign-1.0.0.tgz",
      "integrity": "sha512-LpUkixU1BUMQ6bwUHbOue4IGGbdRbxi+IEZw7zHniw78erlxrKGHbhfLbHIsI35LGbGqys6QOrjVmLnD2ie+1A=="
    },
    "punycode": {
      "version": "2.2.0",
      "resolved": "https://registry.npmjs.org/punycode/-/punycode-2.2.0.tgz",
      "integrity": "sha512-LN6QV1IJ9ZhxWTNdktaPClrNfp8xdSAYS0Zk2ddX7XsXZAxckMHPCBcHRo0cTcEIgYPRiGEkmji3Idkh2yFtYw==",
      "optional": true
    },
    "qs": {
      "version": "0.6.6",
      "resolved": "https://registry.npmjs.org/qs/-/qs-0.6.6.tgz",
      "integrity": "sha512-kN+yNdAf29Jgp+AYHUmC7X4QdJPR8czuMWLNLc0aRxkQ7tB3vJQEONKKT9ou/rW7EbqVec11srC9q9BiVbcnHA=="
    },
    "request": {
      "version": "2.30.0",
      "resolved": "https://registry.npmjs.org/request/-/request-2.30.0.tgz",
      "integrity": "sha512-YjobnprRMBsJzyZOkIFf+GYKmuF+PsQWesN2s0yXedTCDBGpTKE2pm4viygPtGTRAtg9uF3+wmmb/+2a9Elc/A==",
      "requires": {
        "aws-sign2": "~0.5.0",
        "forever-agent": "~0.5.0",
        "form-data": "~0.1.0",
        "hawk": "~1.0.0",
        "http-signature": "~0.10.0",
        "json-stringify-safe": "~5.0.0",
        "mime": "~1.2.9",
        "node-uuid": "~1.4.0",
        "oauth-sign": "~0.3.0",
        "qs": "~0.6.0",
        "tough-cookie": "~0.9.15",
        "tunnel-agent": "~0.3.0"
      }
    },
    "sntp": {
      "version": "0.2.4",
      "resolved": "https://registry.npmjs.org/sntp/-/sntp-0.2.4.tgz",
      "integrity": "sha512-bDLrKa/ywz65gCl+LmOiIhteP1bhEsAAzhfMedPoiHP3dyYnAevlaJshdqb9Yu0sRifyP/fRqSt8t+5qGIWlGQ==",
      "requires": {
        "hoek": "0.9.x"
      }
    },
    "tough-cookie": {
      "version": "0.9.15",
      "resolved": "https://registry.npmjs.org/tough-cookie/-/tough-cookie-0.9.15.tgz",
      "integrity": "sha512-j4C2GYjRuBjEGRgF5eIvxSvUkTXk7KJDAX6SZtlDWNioUlCcW4lLSlETSWWSiVbXS6SOB+LUK7PYn0RDxgJ3pQ==",
      "optional": true,
      "requires": {
        "punycode": ">=0.2.0"
      }
    },
    "tunnel-agent": {
      "version": "0.3.0",
      "resolved": "https://registry.npmjs.org/tunnel-agent/-/tunnel-agent-0.3.0.tgz",
      "integrity": "sha512-jlGqHGoKzyyjhwv/c9omAgohntThMcGtw8RV/RDLlkbbc08kni/akVxO62N8HaXMVbVsK1NCnpSK3N2xCt22ww==",
      "optional": true
    }
  }
}
